
Microsoft Visual Studio Solution File, Format Version 12.00
# Visual Studio Version 17
VisualStudioVersion = 17.0.32014.148
MinimumVisualStudioVersion = 10.0.40219.1
Project("{FAE04EC0-301F-11D3-BF4B-00C04F79EFBC}") = "GithubPagesBlazor", "GithubPagesBlazor\GithubPagesBlazor.csproj", "{B9821DC2-0C0D-4FCC-A4DE-7AF6791B29BA}"
EndProject
Global
	GlobalSection(SolutionConfigurationPlatforms) = preSolution
		Debug|Any CPU = Debug|Any CPU
		Release|Any CPU = Release|Any CPU
	EndGlobalSection
	GlobalSection(ProjectConfigurationPlatforms) = postSolution
		{B9821DC2-0C0D-4FCC-A4DE-7AF6791B29BA}.Debug|Any CPU.ActiveCfg = Debug|Any CPU
		{B9821DC2-0C0D-4FCC-A4DE-7AF6791B29BA}.Debug|Any CPU.Build.0 = Debug|Any CPU
		{B9821DC2-0C0D-4FCC-A4DE-7AF6791B29BA}.Release|Any CPU.ActiveCfg = Release|Any CPU
		{B9821DC2-0C0D-4FCC-A4DE-7AF6791B29BA}.Release|Any CPU.Build.0 = Release|Any CPU
	EndGlobalSection
	GlobalSection(SolutionProperties) = preSolution
		HideSolutionNode = FALSE
	EndGlobalSection
	GlobalSection(ExtensibilityGlobals) = postSolution
		SolutionGuid = {486D3105-FB46-42C6-89E0-0395CAD88222}
	EndGlobalSection
EndGlobal
